// !$*UTF8*$!
{
	archiveVersion = 1;
	classes = {
	};
	objectVersion = 51;
	objects = {

/* Begin PBXBuildFile section */
		E75825D0B369BC8325603AAE /* Pods_Spot_Check.framework in Frameworks */ = {isa = PBXBuildFile; fileRef = 0C2E68A532FDE9AE962061DF /* Pods_Spot_Check.framework */; };
		F8E37152255059CA00D44E6A /* ConfigureSpotCheckViewController.swift in Sources */ = {isa = PBXBuildFile; fileRef = F8E37151255059CA00D44E6A /* ConfigureSpotCheckViewController.swift */; };
		F8EB74A42549C2EA00B25E79 /* AppDelegate.swift in Sources */ = {isa = PBXBuildFile; fileRef = F8EB74A32549C2EA00B25E79 /* AppDelegate.swift */; };
		F8EB74A62549C2EA00B25E79 /* SceneDelegate.swift in Sources */ = {isa = PBXBuildFile; fileRef = F8EB74A52549C2EA00B25E79 /* SceneDelegate.swift */; };
		F8EB74A82549C2EA00B25E79 /* ViewController.swift in Sources */ = {isa = PBXBuildFile; fileRef = F8EB74A72549C2EA00B25E79 /* ViewController.swift */; };
		F8EB74AB2549C2EA00B25E79 /* Main.storyboard in Resources */ = {isa = PBXBuildFile; fileRef = F8EB74A92549C2EA00B25E79 /* Main.storyboard */; };
		F8EB74AD2549C2EE00B25E79 /* Assets.xcassets in Resources */ = {isa = PBXBuildFile; fileRef = F8EB74AC2549C2EE00B25E79 /* Assets.xcassets */; };
		F8EB74B02549C2EE00B25E79 /* LaunchScreen.storyboard in Resources */ = {isa = PBXBuildFile; fileRef = F8EB74AE2549C2EE00B25E79 /* LaunchScreen.storyboard */; };
		F8EB74C02549CAE300B25E79 /* ConnectToDeviceViewController.swift in Sources */ = {isa = PBXBuildFile; fileRef = F8EB74BF2549CAE300B25E79 /* ConnectToDeviceViewController.swift */; };
		F8EB74C72549DDCC00B25E79 /* ProvisionDeviceViewController.swift in Sources */ = {isa = PBXBuildFile; fileRef = F8EB74C62549DDCC00B25E79 /* ProvisionDeviceViewController.swift */; };
		F8EB74CA2549EC2F00B25E79 /* VisibleNetworkTableViewCell.swift in Sources */ = {isa = PBXBuildFile; fileRef = F8EB74C92549EC2F00B25E79 /* VisibleNetworkTableViewCell.swift */; };
		F8F4DC7B255088FF00CF1ED6 /* SpotCheckNetwork.swift in Sources */ = {isa = PBXBuildFile; fileRef = F8F4DC762550857B00CF1ED6 /* SpotCheckNetwork.swift */; };
/* End PBXBuildFile section */

/* Begin PBXFileReference section */
		0C2E68A532FDE9AE962061DF /* Pods_Spot_Check.framework */ = {isa = PBXFileReference; explicitFileType = wrapper.framework; includeInIndex = 0; path = Pods_Spot_Check.framework; sourceTree = BUILT_PRODUCTS_DIR; };
		8B38BA104D98C2FD6B13FFED /* Pods-Spot Check.debug.xcconfig */ = {isa = PBXFileReference; includeInIndex = 1; lastKnownFileType = text.xcconfig; name = "Pods-Spot Check.debug.xcconfig"; path = "Target Support Files/Pods-Spot Check/Pods-Spot Check.debug.xcconfig"; sourceTree = "<group>"; };
		C9C683DD754D593053A656CB /* Pods-Spot Check.release.xcconfig */ = {isa = PBXFileReference; includeInIndex = 1; lastKnownFileType = text.xcconfig; name = "Pods-Spot Check.release.xcconfig"; path = "Target Support Files/Pods-Spot Check/Pods-Spot Check.release.xcconfig"; sourceTree = "<group>"; };
		F8E37151255059CA00D44E6A /* ConfigureSpotCheckViewController.swift */ = {isa = PBXFileReference; lastKnownFileType = sourcecode.swift; path = ConfigureSpotCheckViewController.swift; sourceTree = "<group>"; };
		F8EB74A02549C2EA00B25E79 /* Spot Check.app */ = {isa = PBXFileReference; explicitFileType = wrapper.application; includeInIndex = 0; path = "Spot Check.app"; sourceTree = BUILT_PRODUCTS_DIR; };
		F8EB74A32549C2EA00B25E79 /* AppDelegate.swift */ = {isa = PBXFileReference; lastKnownFileType = sourcecode.swift; path = AppDelegate.swift; sourceTree = "<group>"; };
		F8EB74A52549C2EA00B25E79 /* SceneDelegate.swift */ = {isa = PBXFileReference; lastKnownFileType = sourcecode.swift; path = SceneDelegate.swift; sourceTree = "<group>"; };
		F8EB74A72549C2EA00B25E79 /* ViewController.swift */ = {isa = PBXFileReference; lastKnownFileType = sourcecode.swift; path = ViewController.swift; sourceTree = "<group>"; };
		F8EB74AA2549C2EA00B25E79 /* Base */ = {isa = PBXFileReference; lastKnownFileType = file.storyboard; name = Base; path = Base.lproj/Main.storyboard; sourceTree = "<group>"; };
		F8EB74AC2549C2EE00B25E79 /* Assets.xcassets */ = {isa = PBXFileReference; lastKnownFileType = folder.assetcatalog; path = Assets.xcassets; sourceTree = "<group>"; };
		F8EB74AF2549C2EE00B25E79 /* Base */ = {isa = PBXFileReference; lastKnownFileType = file.storyboard; name = Base; path = Base.lproj/LaunchScreen.storyboard; sourceTree = "<group>"; };
		F8EB74B12549C2EE00B25E79 /* Info.plist */ = {isa = PBXFileReference; lastKnownFileType = text.plist.xml; path = Info.plist; sourceTree = "<group>"; };
		F8EB74BF2549CAE300B25E79 /* ConnectToDeviceViewController.swift */ = {isa = PBXFileReference; lastKnownFileType = sourcecode.swift; path = ConnectToDeviceViewController.swift; sourceTree = "<group>"; };
		F8EB74C62549DDCC00B25E79 /* ProvisionDeviceViewController.swift */ = {isa = PBXFileReference; lastKnownFileType = sourcecode.swift; path = ProvisionDeviceViewController.swift; sourceTree = "<group>"; };
		F8EB74C92549EC2F00B25E79 /* VisibleNetworkTableViewCell.swift */ = {isa = PBXFileReference; lastKnownFileType = sourcecode.swift; path = VisibleNetworkTableViewCell.swift; sourceTree = "<group>"; };
		F8F4DC762550857B00CF1ED6 /* SpotCheckNetwork.swift */ = {isa = PBXFileReference; lastKnownFileType = sourcecode.swift; path = SpotCheckNetwork.swift; sourceTree = "<group>"; };
/* End PBXFileReference section */

/* Begin PBXFrameworksBuildPhase section */
		F8EB749D2549C2EA00B25E79 /* Frameworks */ = {
			isa = PBXFrameworksBuildPhase;
			buildActionMask = 2147483647;
			files = (
				E75825D0B369BC8325603AAE /* Pods_Spot_Check.framework in Frameworks */,
			);
			runOnlyForDeploymentPostprocessing = 0;
		};
/* End PBXFrameworksBuildPhase section */

/* Begin PBXGroup section */
		690C6B5EF3CBB7795F967182 /* Pods */ = {
			isa = PBXGroup;
			children = (
				8B38BA104D98C2FD6B13FFED /* Pods-Spot Check.debug.xcconfig */,
				C9C683DD754D593053A656CB /* Pods-Spot Check.release.xcconfig */,
			);
			path = Pods;
			sourceTree = "<group>";
		};
		79A725571A40737DE8625E77 /* Frameworks */ = {
			isa = PBXGroup;
			children = (
				0C2E68A532FDE9AE962061DF /* Pods_Spot_Check.framework */,
			);
			name = Frameworks;
			sourceTree = "<group>";
		};
		F8EB74972549C2EA00B25E79 = {
			isa = PBXGroup;
			children = (
				F8EB74A22549C2EA00B25E79 /* Spot Check */,
				F8EB74A12549C2EA00B25E79 /* Products */,
				690C6B5EF3CBB7795F967182 /* Pods */,
				79A725571A40737DE8625E77 /* Frameworks */,
			);
			sourceTree = "<group>";
		};
		F8EB74A12549C2EA00B25E79 /* Products */ = {
			isa = PBXGroup;
			children = (
				F8EB74A02549C2EA00B25E79 /* Spot Check.app */,
			);
			name = Products;
			sourceTree = "<group>";
		};
		F8EB74A22549C2EA00B25E79 /* Spot Check */ = {
			isa = PBXGroup;
			children = (
				F8EB74A32549C2EA00B25E79 /* AppDelegate.swift */,
				F8EB74A52549C2EA00B25E79 /* SceneDelegate.swift */,
				F8EB74A72549C2EA00B25E79 /* ViewController.swift */,
				F8EB74A92549C2EA00B25E79 /* Main.storyboard */,
				F8EB74AC2549C2EE00B25E79 /* Assets.xcassets */,
				F8EB74AE2549C2EE00B25E79 /* LaunchScreen.storyboard */,
				F8EB74B12549C2EE00B25E79 /* Info.plist */,
				F8EB74BF2549CAE300B25E79 /* ConnectToDeviceViewController.swift */,
				F8EB74C62549DDCC00B25E79 /* ProvisionDeviceViewController.swift */,
				F8EB74C92549EC2F00B25E79 /* VisibleNetworkTableViewCell.swift */,
				F8E37151255059CA00D44E6A /* ConfigureSpotCheckViewController.swift */,
				F8F4DC762550857B00CF1ED6 /* SpotCheckNetwork.swift */,
			);
			path = "Spot Check";
			sourceTree = "<group>";
		};
/* End PBXGroup section */

/* Begin PBXNativeTarget section */
		F8EB749F2549C2EA00B25E79 /* Spot Check */ = {
			isa = PBXNativeTarget;
			buildConfigurationList = F8EB74B42549C2EE00B25E79 /* Build configuration list for PBXNativeTarget "Spot Check" */;
			buildPhases = (
				778A2984EA7F8687E3418DE3 /* [CP] Check Pods Manifest.lock */,
				F8EB749C2549C2EA00B25E79 /* Sources */,
				F8EB749D2549C2EA00B25E79 /* Frameworks */,
				F8EB749E2549C2EA00B25E79 /* Resources */,
				0FCA156F241242A3FD41013F /* [CP] Embed Pods Frameworks */,
			);
			buildRules = (
			);
			dependencies = (
			);
			name = "Spot Check";
			productName = "Spot Check";
			productReference = F8EB74A02549C2EA00B25E79 /* Spot Check.app */;
			productType = "com.apple.product-type.application";
		};
/* End PBXNativeTarget section */

/* Begin PBXProject section */
		F8EB74982549C2EA00B25E79 /* Project object */ = {
			isa = PBXProject;
			attributes = {
				LastSwiftUpdateCheck = 1220;
				LastUpgradeCheck = 1220;
				TargetAttributes = {
					F8EB749F2549C2EA00B25E79 = {
						CreatedOnToolsVersion = 12.2;
					};
				};
			};
			buildConfigurationList = F8EB749B2549C2EA00B25E79 /* Build configuration list for PBXProject "Spot Check" */;
			compatibilityVersion = "Xcode 9.3";
			developmentRegion = en;
			hasScannedForEncodings = 0;
			knownRegions = (
				en,
				Base,
			);
			mainGroup = F8EB74972549C2EA00B25E79;
			productRefGroup = F8EB74A12549C2EA00B25E79 /* Products */;
			projectDirPath = "";
			projectRoot = "";
			targets = (
				F8EB749F2549C2EA00B25E79 /* Spot Check */,
			);
		};
/* End PBXProject section */

/* Begin PBXResourcesBuildPhase section */
		F8EB749E2549C2EA00B25E79 /* Resources */ = {
			isa = PBXResourcesBuildPhase;
			buildActionMask = 2147483647;
			files = (
				F8EB74B02549C2EE00B25E79 /* LaunchScreen.storyboard in Resources */,
				F8EB74AD2549C2EE00B25E79 /* Assets.xcassets in Resources */,
				F8EB74AB2549C2EA00B25E79 /* Main.storyboard in Resources */,
			);
			runOnlyForDeploymentPostprocessing = 0;
		};
/* End PBXResourcesBuildPhase section */

/* Begin PBXShellScriptBuildPhase section */
		0FCA156F241242A3FD41013F /* [CP] Embed Pods Frameworks */ = {
			isa = PBXShellScriptBuildPhase;
			buildActionMask = 2147483647;
			files = (
			);
			inputFileListPaths = (
				"${PODS_ROOT}/Target Support Files/Pods-Spot Check/Pods-Spot Check-frameworks-${CONFIGURATION}-input-files.xcfilelist",
			);
			name = "[CP] Embed Pods Frameworks";
			outputFileListPaths = (
				"${PODS_ROOT}/Target Support Files/Pods-Spot Check/Pods-Spot Check-frameworks-${CONFIGURATION}-output-files.xcfilelist",
			);
			runOnlyForDeploymentPostprocessing = 0;
			shellPath = /bin/sh;
			shellScript = "\"${PODS_ROOT}/Target Support Files/Pods-Spot Check/Pods-Spot Check-frameworks.sh\"\n";
			showEnvVarsInLog = 0;
		};
		778A2984EA7F8687E3418DE3 /* [CP] Check Pods Manifest.lock */ = {
			isa = PBXShellScriptBuildPhase;
			buildActionMask = 2147483647;
			files = (
			);
			inputFileListPaths = (
			);
			inputPaths = (
				"${PODS_PODFILE_DIR_PATH}/Podfile.lock",
				"${PODS_ROOT}/Manifest.lock",
			);
			name = "[CP] Check Pods Manifest.lock";
			outputFileListPaths = (
			);
			outputPaths = (
				"$(DERIVED_FILE_DIR)/Pods-Spot Check-checkManifestLockResult.txt",
			);
			runOnlyForDeploymentPostprocessing = 0;
			shellPath = /bin/sh;
			shellScript = "diff \"${PODS_PODFILE_DIR_PATH}/Podfile.lock\" \"${PODS_ROOT}/Manifest.lock\" > /dev/null\nif [ $? != 0 ] ; then\n    # print error to STDERR\n    echo \"error: The sandbox is not in sync with the Podfile.lock. Run 'pod install' or update your CocoaPods installation.\" >&2\n    exit 1\nfi\n# This output is used by Xcode 'outputs' to avoid re-running this script phase.\necho \"SUCCESS\" > \"${SCRIPT_OUTPUT_FILE_0}\"\n";
			showEnvVarsInLog = 0;
		};
/* End PBXShellScriptBuildPhase section */

/* Begin PBXSourcesBuildPhase section */
		F8EB749C2549C2EA00B25E79 /* Sources */ = {
			isa = PBXSourcesBuildPhase;
			buildActionMask = 2147483647;
			files = (
				F8EB74C02549CAE300B25E79 /* ConnectToDeviceViewController.swift in Sources */,
				F8EB74A82549C2EA00B25E79 /* ViewController.swift in Sources */,
				F8E37152255059CA00D44E6A /* ConfigureSpotCheckViewController.swift in Sources */,
				F8EB74C72549DDCC00B25E79 /* ProvisionDeviceViewController.swift in Sources */,
				F8EB74A42549C2EA00B25E79 /* AppDelegate.swift in Sources */,
				F8EB74A62549C2EA00B25E79 /* SceneDelegate.swift in Sources */,
				F8EB74CA2549EC2F00B25E79 /* VisibleNetworkTableViewCell.swift in Sources */,
				F8F4DC7B255088FF00CF1ED6 /* SpotCheckNetwork.swift in Sources */,
			);
			runOnlyForDeploymentPostprocessing = 0;
		};
/* End PBXSourcesBuildPhase section */

/* Begin PBXVariantGroup section */
		F8EB74A92549C2EA00B25E79 /* Main.storyboard */ = {
			isa = PBXVariantGroup;
			children = (
				F8EB74AA2549C2EA00B25E79 /* Base */,
			);
			name = Main.storyboard;
			sourceTree = "<group>";
		};
		F8EB74AE2549C2EE00B25E79 /* LaunchScreen.storyboard */ = {
			isa = PBXVariantGroup;
			children = (
				F8EB74AF2549C2EE00B25E79 /* Base */,
			);
			name = LaunchScreen.storyboard;
			sourceTree = "<group>";
		};
/* End PBXVariantGroup section */

/* Begin XCBuildConfiguration section */
		F8EB74B22549C2EE00B25E79 /* Debug */ = {
			isa = XCBuildConfiguration;
			buildSettings = {
				ALWAYS_SEARCH_USER_PATHS = NO;
				CLANG_ANALYZER_NONNULL = YES;
				CLANG_ANALYZER_NUMBER_OBJECT_CONVERSION = YES_AGGRESSIVE;
				CLANG_CXX_LANGUAGE_STANDARD = "gnu++14";
				CLANG_CXX_LIBRARY = "libc++";
				CLANG_ENABLE_MODULES = YES;
				CLANG_ENABLE_OBJC_ARC = YES;
				CLANG_ENABLE_OBJC_WEAK = YES;
				CLANG_WARN_BLOCK_CAPTURE_AUTORELEASING = YES;
				CLANG_WARN_BOOL_CONVERSION = YES;
				CLANG_WARN_COMMA = YES;
				CLANG_WARN_CONSTANT_CONVERSION = YES;
				CLANG_WARN_DEPRECATED_OBJC_IMPLEMENTATIONS = YES;
				CLANG_WARN_DIRECT_OBJC_ISA_USAGE = YES_ERROR;
				CLANG_WARN_DOCUMENTATION_COMMENTS = YES;
				CLANG_WARN_EMPTY_BODY = YES;
				CLANG_WARN_ENUM_CONVERSION = YES;
				CLANG_WARN_INFINITE_RECURSION = YES;
				CLANG_WARN_INT_CONVERSION = YES;
				CLANG_WARN_NON_LITERAL_NULL_CONVERSION = YES;
				CLANG_WARN_OBJC_IMPLICIT_RETAIN_SELF = YES;
				CLANG_WARN_OBJC_LITERAL_CONVERSION = YES;
				CLANG_WARN_OBJC_ROOT_CLASS = YES_ERROR;
				CLANG_WARN_QUOTED_INCLUDE_IN_FRAMEWORK_HEADER = YES;
				CLANG_WARN_RANGE_LOOP_ANALYSIS = YES;
				CLANG_WARN_STRICT_PROTOTYPES = YES;
				CLANG_WARN_SUSPICIOUS_MOVE = YES;
				CLANG_WARN_UNGUARDED_AVAILABILITY = YES_AGGRESSIVE;
				CLANG_WARN_UNREACHABLE_CODE = YES;
				CLANG_WARN__DUPLICATE_METHOD_MATCH = YES;
				COPY_PHASE_STRIP = NO;
				DEBUG_INFORMATION_FORMAT = dwarf;
				ENABLE_STRICT_OBJC_MSGSEND = YES;
				ENABLE_TESTABILITY = YES;
				GCC_C_LANGUAGE_STANDARD = gnu11;
				GCC_DYNAMIC_NO_PIC = NO;
				GCC_NO_COMMON_BLOCKS = YES;
				GCC_OPTIMIZATION_LEVEL = 0;
				GCC_PREPROCESSOR_DEFINITIONS = (
					"DEBUG=1",
					"$(inherited)",
				);
				GCC_WARN_64_TO_32_BIT_CONVERSION = YES;
				GCC_WARN_ABOUT_RETURN_TYPE = YES_ERROR;
				GCC_WARN_UNDECLARED_SELECTOR = YES;
				GCC_WARN_UNINITIALIZED_AUTOS = YES_AGGRESSIVE;
				GCC_WARN_UNUSED_FUNCTION = YES;
				GCC_WARN_UNUSED_VARIABLE = YES;
				IPHONEOS_DEPLOYMENT_TARGET = 13.0;
				MTL_ENABLE_DEBUG_INFO = INCLUDE_SOURCE;
				MTL_FAST_MATH = YES;
				ONLY_ACTIVE_ARCH = YES;
				SDKROOT = iphoneos;
				SWIFT_ACTIVE_COMPILATION_CONDITIONS = DEBUG;
				SWIFT_OPTIMIZATION_LEVEL = "-Onone";
			};
			name = Debug;
		};
		F8EB74B32549C2EE00B25E79 /* Release */ = {
			isa = XCBuildConfiguration;
			buildSettings = {
				ALWAYS_SEARCH_USER_PATHS = NO;
				CLANG_ANALYZER_NONNULL = YES;
				CLANG_ANALYZER_NUMBER_OBJECT_CONVERSION = YES_AGGRESSIVE;
				CLANG_CXX_LANGUAGE_STANDARD = "gnu++14";
				CLANG_CXX_LIBRARY = "libc++";
				CLANG_ENABLE_MODULES = YES;
				CLANG_ENABLE_OBJC_ARC = YES;
				CLANG_ENABLE_OBJC_WEAK = YES;
				CLANG_WARN_BLOCK_CAPTURE_AUTORELEASING = YES;
				CLANG_WARN_BOOL_CONVERSION = YES;
				CLANG_WARN_COMMA = YES;
				CLANG_WARN_CONSTANT_CONVERSION = YES;
				CLANG_WARN_DEPRECATED_OBJC_IMPLEMENTATIONS = YES;
				CLANG_WARN_DIRECT_OBJC_ISA_USAGE = YES_ERROR;
				CLANG_WARN_DOCUMENTATION_COMMENTS = YES;
				CLANG_WARN_EMPTY_BODY = YES;
				CLANG_WARN_ENUM_CONVERSION = YES;
				CLANG_WARN_INFINITE_RECURSION = YES;
				CLANG_WARN_INT_CONVERSION = YES;
				CLANG_WARN_NON_LITERAL_NULL_CONVERSION = YES;
				CLANG_WARN_OBJC_IMPLICIT_RETAIN_SELF = YES;
				CLANG_WARN_OBJC_LITERAL_CONVERSION = YES;
				CLANG_WARN_OBJC_ROOT_CLASS = YES_ERROR;
				CLANG_WARN_QUOTED_INCLUDE_IN_FRAMEWORK_HEADER = YES;
				CLANG_WARN_RANGE_LOOP_ANALYSIS = YES;
				CLANG_WARN_STRICT_PROTOTYPES = YES;
				CLANG_WARN_SUSPICIOUS_MOVE = YES;
				CLANG_WARN_UNGUARDED_AVAILABILITY = YES_AGGRESSIVE;
				CLANG_WARN_UNREACHABLE_CODE = YES;
				CLANG_WARN__DUPLICATE_METHOD_MATCH = YES;
				COPY_PHASE_STRIP = NO;
				DEBUG_INFORMATION_FORMAT = "dwarf-with-dsym";
				ENABLE_NS_ASSERTIONS = NO;
				ENABLE_STRICT_OBJC_MSGSEND = YES;
				GCC_C_LANGUAGE_STANDARD = gnu11;
				GCC_NO_COMMON_BLOCKS = YES;
				GCC_WARN_64_TO_32_BIT_CONVERSION = YES;
				GCC_WARN_ABOUT_RETURN_TYPE = YES_ERROR;
				GCC_WARN_UNDECLARED_SELECTOR = YES;
				GCC_WARN_UNINITIALIZED_AUTOS = YES_AGGRESSIVE;
				GCC_WARN_UNUSED_FUNCTION = YES;
				GCC_WARN_UNUSED_VARIABLE = YES;
				IPHONEOS_DEPLOYMENT_TARGET = 13.0;
				MTL_ENABLE_DEBUG_INFO = NO;
				MTL_FAST_MATH = YES;
				SDKROOT = iphoneos;
				SWIFT_COMPILATION_MODE = wholemodule;
				SWIFT_OPTIMIZATION_LEVEL = "-O";
				VALIDATE_PRODUCT = YES;
			};
			name = Release;
		};
		F8EB74B52549C2EE00B25E79 /* Debug */ = {
			isa = XCBuildConfiguration;
			baseConfigurationReference = 8B38BA104D98C2FD6B13FFED /* Pods-Spot Check.debug.xcconfig */;
			buildSettings = {
				ASSETCATALOG_COMPILER_APPICON_NAME = AppIcon;
				ASSETCATALOG_COMPILER_GLOBAL_ACCENT_COLOR_NAME = AccentColor;
				CODE_SIGN_STYLE = Automatic;
				DEVELOPMENT_TEAM = P93EM6LJKE;
				INFOPLIST_FILE = "Spot Check/Info.plist";
				IPHONEOS_DEPLOYMENT_TARGET = 13.0;
				LD_RUNPATH_SEARCH_PATHS = (
					"$(inherited)",
					"@executable_path/Frameworks",
				);
				PRODUCT_BUNDLE_IDENTIFIER = "com.secondstring.Spot-Check";
				PRODUCT_NAME = "$(TARGET_NAME)";
				SWIFT_VERSION = 5.0;
				TARGETED_DEVICE_FAMILY = "1,2";
			};
			name = Debug;
		};
		F8EB74B62549C2EE00B25E79 /* Release */ = {
			isa = XCBuildConfiguration;
			baseConfigurationReference = C9C683DD754D593053A656CB /* Pods-Spot Check.release.xcconfig */;
			buildSettings = {
				ASSETCATALOG_COMPILER_APPICON_NAME = AppIcon;
				ASSETCATALOG_COMPILER_GLOBAL_ACCENT_COLOR_NAME = AccentColor;
				CODE_SIGN_STYLE = Automatic;
				DEVELOPMENT_TEAM = P93EM6LJKE;
				INFOPLIST_FILE = "Spot Check/Info.plist";
				IPHONEOS_DEPLOYMENT_TARGET = 13.0;
				LD_RUNPATH_SEARCH_PATHS = (
					"$(inherited)",
					"@executable_path/Frameworks",
				);
				PRODUCT_BUNDLE_IDENTIFIER = "com.secondstring.Spot-Check";
				PRODUCT_NAME = "$(TARGET_NAME)";
				SWIFT_VERSION = 5.0;
				TARGETED_DEVICE_FAMILY = "1,2";
			};
			name = Release;
		};
/* End XCBuildConfiguration section */

/* Begin XCConfigurationList section */
		F8EB749B2549C2EA00B25E79 /* Build configuration list for PBXProject "Spot Check" */ = {
			isa = XCConfigurationList;
			buildConfigurations = (
				F8EB74B22549C2EE00B25E79 /* Debug */,
				F8EB74B32549C2EE00B25E79 /* Release */,
			);
			defaultConfigurationIsVisible = 0;
			defaultConfigurationName = Release;
		};
		F8EB74B42549C2EE00B25E79 /* Build configuration list for PBXNativeTarget "Spot Check" */ = {
			isa = XCConfigurationList;
			buildConfigurations = (
				F8EB74B52549C2EE00B25E79 /* Debug */,
				F8EB74B62549C2EE00B25E79 /* Release */,
			);
			defaultConfigurationIsVisible = 0;
			defaultConfigurationName = Release;
		};
/* End XCConfigurationList section */
	};
	rootObject = F8EB74982549C2EA00B25E79 /* Project object */;
}
