PODS:
  - Curve25519 (1.1)
  - ESPProvision (2.0.16):
    - ESPProvision/Core (= 2.0.16)
  - ESPProvision/Core (2.0.16):
    - Curve25519 (~> 1.1.0)
    - SwiftProtobuf (~> 1.5.0)
  - SwiftProtobuf (1.5.0)

DEPENDENCIES:
  - ESPProvision

SPEC REPOS:
  trunk:
    - Curve25519
    - ESPProvision
    - SwiftProtobuf

SPEC CHECKSUMS:
  Curve25519: 5f595e906bd962248665978e2992a1fe96e2d831
  ESPProvision: 2e9b4b72d8bb880051882836b17f28f6537a7b77
  SwiftProtobuf: 241400280f912735c1e1b9fe675fdd2c6c4d42e2

PODFILE CHECKSUM: 88588d9396ab14b400f129dca43ddba75e5cd458

COCOAPODS: 1.11.3
